
Microsoft Visual Studio Solution File, Format Version 12.00
# Visual Studio Version 16
VisualStudioVersion = 16.0.29509.3
MinimumVisualStudioVersion = 10.0.40219.1
Project("{FAE04EC0-301F-11D3-BF4B-00C04F79EFBC}") = "DIET AND FITNESS MANAGEMENT SYSTEM", "DIET AND FITNESS MANAGEMENT SYSTEM.csproj", "{BBBCC872-EA1A-4214-B94E-835C146BD58D}"
EndProject
Global
	GlobalSection(SolutionConfigurationPlatforms) = preSolution
		Debug|Any CPU = Debug|Any CPU
		Release|Any CPU = Release|Any CPU
	EndGlobalSection
	GlobalSection(ProjectConfigurationPlatforms) = postSolution
		{BBBCC872-EA1A-4214-B94E-835C146BD58D}.Debug|Any CPU.ActiveCfg = Debug|Any CPU
		{BBBCC872-EA1A-4214-B94E-835C146BD58D}.Debug|Any CPU.Build.0 = Debug|Any CPU
		{BBBCC872-EA1A-4214-B94E-835C146BD58D}.Release|Any CPU.ActiveCfg = Release|Any CPU
		{BBBCC872-EA1A-4214-B94E-835C146BD58D}.Release|Any CPU.Build.0 = Release|Any CPU
	EndGlobalSection
	GlobalSection(SolutionProperties) = preSolution
		HideSolutionNode = FALSE
	EndGlobalSection
	GlobalSection(ExtensibilityGlobals) = postSolution
		SolutionGuid = {F35B5A78-1B15-4DF2-B9ED-9A563629A052}
	EndGlobalSection
EndGlobal
